// !$*UTF8*$!
{
	archiveVersion = 1;
	classes = {
	};
	objectVersion = 55;
	objects = {

/* Begin PBXBuildFile section */
		B6135BFE27B808F0000F36C6 /* SwiftUIExplorationApp.swift in Sources */ = {isa = PBXBuildFile; fileRef = B6135BFD27B808F0000F36C6 /* SwiftUIExplorationApp.swift */; };
		B6135C0027B808F0000F36C6 /* MainView.swift in Sources */ = {isa = PBXBuildFile; fileRef = B6135BFF27B808F0000F36C6 /* MainView.swift */; };
		B6135C0227B808F1000F36C6 /* Assets.xcassets in Resources */ = {isa = PBXBuildFile; fileRef = B6135C0127B808F1000F36C6 /* Assets.xcassets */; };
		B6135C0527B808F1000F36C6 /* Preview Assets.xcassets in Resources */ = {isa = PBXBuildFile; fileRef = B6135C0427B808F1000F36C6 /* Preview Assets.xcassets */; };
		B6135C0F27B808F2000F36C6 /* SwiftUIExplorationTests.swift in Sources */ = {isa = PBXBuildFile; fileRef = B6135C0E27B808F2000F36C6 /* SwiftUIExplorationTests.swift */; };
		B6135C2A27B80A0F000F36C6 /* PulsingActivityIndicator.swift in Sources */ = {isa = PBXBuildFile; fileRef = B6135C2927B80A0F000F36C6 /* PulsingActivityIndicator.swift */; };
		B6135C2E27B810D3000F36C6 /* PulsingActivityIndicatorExampleView.swift in Sources */ = {isa = PBXBuildFile; fileRef = B6135C2D27B810D3000F36C6 /* PulsingActivityIndicatorExampleView.swift */; };
		B6135C3127B8113D000F36C6 /* MenuItemViewLink.swift in Sources */ = {isa = PBXBuildFile; fileRef = B6135C3027B8113D000F36C6 /* MenuItemViewLink.swift */; };
		B6135C3927B83ECE000F36C6 /* Triangle.swift in Sources */ = {isa = PBXBuildFile; fileRef = B6135C3827B83ECE000F36C6 /* Triangle.swift */; };
/* End PBXBuildFile section */

/* Begin PBXContainerItemProxy section */
		B6135C0B27B808F2000F36C6 /* PBXContainerItemProxy */ = {
			isa = PBXContainerItemProxy;
			containerPortal = B6135BF227B808F0000F36C6 /* Project object */;
			proxyType = 1;
			remoteGlobalIDString = B6135BF927B808F0000F36C6;
			remoteInfo = SwiftUIExploration;
		};
/* End PBXContainerItemProxy section */

/* Begin PBXFileReference section */
		B6135BFA27B808F0000F36C6 /* SwiftUIExploration.app */ = {isa = PBXFileReference; explicitFileType = wrapper.application; includeInIndex = 0; path = SwiftUIExploration.app; sourceTree = BUILT_PRODUCTS_DIR; };
		B6135BFD27B808F0000F36C6 /* SwiftUIExplorationApp.swift */ = {isa = PBXFileReference; lastKnownFileType = sourcecode.swift; path = SwiftUIExplorationApp.swift; sourceTree = "<group>"; };
		B6135BFF27B808F0000F36C6 /* MainView.swift */ = {isa = PBXFileReference; lastKnownFileType = sourcecode.swift; path = MainView.swift; sourceTree = "<group>"; };
		B6135C0127B808F1000F36C6 /* Assets.xcassets */ = {isa = PBXFileReference; lastKnownFileType = folder.assetcatalog; path = Assets.xcassets; sourceTree = "<group>"; };
		B6135C0427B808F1000F36C6 /* Preview Assets.xcassets */ = {isa = PBXFileReference; lastKnownFileType = folder.assetcatalog; path = "Preview Assets.xcassets"; sourceTree = "<group>"; };
		B6135C0A27B808F2000F36C6 /* SwiftUIExplorationTests.xctest */ = {isa = PBXFileReference; explicitFileType = wrapper.cfbundle; includeInIndex = 0; path = SwiftUIExplorationTests.xctest; sourceTree = BUILT_PRODUCTS_DIR; };
		B6135C0E27B808F2000F36C6 /* SwiftUIExplorationTests.swift */ = {isa = PBXFileReference; lastKnownFileType = sourcecode.swift; path = SwiftUIExplorationTests.swift; sourceTree = "<group>"; };
		B6135C2927B80A0F000F36C6 /* PulsingActivityIndicator.swift */ = {isa = PBXFileReference; lastKnownFileType = sourcecode.swift; path = PulsingActivityIndicator.swift; sourceTree = "<group>"; };
		B6135C2D27B810D3000F36C6 /* PulsingActivityIndicatorExampleView.swift */ = {isa = PBXFileReference; lastKnownFileType = sourcecode.swift; path = PulsingActivityIndicatorExampleView.swift; sourceTree = "<group>"; };
		B6135C3027B8113D000F36C6 /* MenuItemViewLink.swift */ = {isa = PBXFileReference; lastKnownFileType = sourcecode.swift; path = MenuItemViewLink.swift; sourceTree = "<group>"; };
		B6135C3827B83ECE000F36C6 /* Triangle.swift */ = {isa = PBXFileReference; lastKnownFileType = sourcecode.swift; path = Triangle.swift; sourceTree = "<group>"; };
/* End PBXFileReference section */

/* Begin PBXFrameworksBuildPhase section */
		B6135BF727B808F0000F36C6 /* Frameworks */ = {
			isa = PBXFrameworksBuildPhase;
			buildActionMask = 2147483647;
			files = (
			);
			runOnlyForDeploymentPostprocessing = 0;
		};
		B6135C0727B808F2000F36C6 /* Frameworks */ = {
			isa = PBXFrameworksBuildPhase;
			buildActionMask = 2147483647;
			files = (
			);
			runOnlyForDeploymentPostprocessing = 0;
		};
/* End PBXFrameworksBuildPhase section */

/* Begin PBXGroup section */
		B6135BF127B808F0000F36C6 = {
			isa = PBXGroup;
			children = (
				B6135BFC27B808F0000F36C6 /* SwiftUIExploration */,
				B6135C0D27B808F2000F36C6 /* SwiftUIExplorationTests */,
				B6135BFB27B808F0000F36C6 /* Products */,
			);
			sourceTree = "<group>";
		};
		B6135BFB27B808F0000F36C6 /* Products */ = {
			isa = PBXGroup;
			children = (
				B6135BFA27B808F0000F36C6 /* SwiftUIExploration.app */,
				B6135C0A27B808F2000F36C6 /* SwiftUIExplorationTests.xctest */,
			);
			name = Products;
			sourceTree = "<group>";
		};
		B6135BFC27B808F0000F36C6 /* SwiftUIExploration */ = {
			isa = PBXGroup;
			children = (
				B6135C2F27B810E5000F36C6 /* Main */,
				B6135C2727B809EE000F36C6 /* Modules */,
				B6135C0127B808F1000F36C6 /* Assets.xcassets */,
				B6135C0327B808F1000F36C6 /* Preview Content */,
			);
			path = SwiftUIExploration;
			sourceTree = "<group>";
		};
		B6135C0327B808F1000F36C6 /* Preview Content */ = {
			isa = PBXGroup;
			children = (
				B6135C0427B808F1000F36C6 /* Preview Assets.xcassets */,
			);
			path = "Preview Content";
			sourceTree = "<group>";
		};
		B6135C0D27B808F2000F36C6 /* SwiftUIExplorationTests */ = {
			isa = PBXGroup;
			children = (
				B6135C0E27B808F2000F36C6 /* SwiftUIExplorationTests.swift */,
			);
			path = SwiftUIExplorationTests;
			sourceTree = "<group>";
		};
		B6135C2727B809EE000F36C6 /* Modules */ = {
			isa = PBXGroup;
			children = (
				B6135C2827B809F5000F36C6 /* ActivityIndicators */,
				B6135C2B27B810A6000F36C6 /* Examples */,
				B6135C3727B83EB4000F36C6 /* Shapes */,
			);
			path = Modules;
			sourceTree = "<group>";
		};
		B6135C2827B809F5000F36C6 /* ActivityIndicators */ = {
			isa = PBXGroup;
			children = (
				B6135C2927B80A0F000F36C6 /* PulsingActivityIndicator.swift */,
			);
			path = ActivityIndicators;
			sourceTree = "<group>";
		};
		B6135C2B27B810A6000F36C6 /* Examples */ = {
			isa = PBXGroup;
			children = (
				B6135C2C27B810AE000F36C6 /* ActivityIndicators */,
			);
			path = Examples;
			sourceTree = "<group>";
		};
		B6135C2C27B810AE000F36C6 /* ActivityIndicators */ = {
			isa = PBXGroup;
			children = (
				B6135C2D27B810D3000F36C6 /* PulsingActivityIndicatorExampleView.swift */,
			);
			path = ActivityIndicators;
			sourceTree = "<group>";
		};
		B6135C2F27B810E5000F36C6 /* Main */ = {
			isa = PBXGroup;
			children = (
				B6135BFF27B808F0000F36C6 /* MainView.swift */,
				B6135C3027B8113D000F36C6 /* MenuItemViewLink.swift */,
				B6135BFD27B808F0000F36C6 /* SwiftUIExplorationApp.swift */,
			);
			path = Main;
			sourceTree = "<group>";
		};
		B6135C3727B83EB4000F36C6 /* Shapes */ = {
			isa = PBXGroup;
			children = (
				B6135C3827B83ECE000F36C6 /* Triangle.swift */,
			);
			path = Shapes;
			sourceTree = "<group>";
		};
/* End PBXGroup section */

/* Begin PBXNativeTarget section */
		B6135BF927B808F0000F36C6 /* SwiftUIExploration */ = {
			isa = PBXNativeTarget;
			buildConfigurationList = B6135C1E27B808F2000F36C6 /* Build configuration list for PBXNativeTarget "SwiftUIExploration" */;
			buildPhases = (
				B6135BF627B808F0000F36C6 /* Sources */,
				B6135BF727B808F0000F36C6 /* Frameworks */,
				B6135BF827B808F0000F36C6 /* Resources */,
			);
			buildRules = (
			);
			dependencies = (
			);
			name = SwiftUIExploration;
			productName = SwiftUIExploration;
			productReference = B6135BFA27B808F0000F36C6 /* SwiftUIExploration.app */;
			productType = "com.apple.product-type.application";
		};
		B6135C0927B808F2000F36C6 /* SwiftUIExplorationTests */ = {
			isa = PBXNativeTarget;
			buildConfigurationList = B6135C2127B808F2000F36C6 /* Build configuration list for PBXNativeTarget "SwiftUIExplorationTests" */;
			buildPhases = (
				B6135C0627B808F2000F36C6 /* Sources */,
				B6135C0727B808F2000F36C6 /* Frameworks */,
				B6135C0827B808F2000F36C6 /* Resources */,
			);
			buildRules = (
			);
			dependencies = (
				B6135C0C27B808F2000F36C6 /* PBXTargetDependency */,
			);
			name = SwiftUIExplorationTests;
			productName = SwiftUIExplorationTests;
			productReference = B6135C0A27B808F2000F36C6 /* SwiftUIExplorationTests.xctest */;
			productType = "com.apple.product-type.bundle.unit-test";
		};
/* End PBXNativeTarget section */

/* Begin PBXProject section */
		B6135BF227B808F0000F36C6 /* Project object */ = {
			isa = PBXProject;
			attributes = {
				BuildIndependentTargetsInParallel = 1;
				LastSwiftUpdateCheck = 1320;
				LastUpgradeCheck = 1320;
				TargetAttributes = {
					B6135BF927B808F0000F36C6 = {
						CreatedOnToolsVersion = 13.2.1;
					};
					B6135C0927B808F2000F36C6 = {
						CreatedOnToolsVersion = 13.2.1;
						TestTargetID = B6135BF927B808F0000F36C6;
					};
				};
			};
			buildConfigurationList = B6135BF527B808F0000F36C6 /* Build configuration list for PBXProject "SwiftUIExploration" */;
			compatibilityVersion = "Xcode 13.0";
			developmentRegion = en;
			hasScannedForEncodings = 0;
			knownRegions = (
				en,
				Base,
			);
			mainGroup = B6135BF127B808F0000F36C6;
			productRefGroup = B6135BFB27B808F0000F36C6 /* Products */;
			projectDirPath = "";
			projectRoot = "";
			targets = (
				B6135BF927B808F0000F36C6 /* SwiftUIExploration */,
				B6135C0927B808F2000F36C6 /* SwiftUIExplorationTests */,
			);
		};
/* End PBXProject section */

/* Begin PBXResourcesBuildPhase section */
		B6135BF827B808F0000F36C6 /* Resources */ = {
			isa = PBXResourcesBuildPhase;
			buildActionMask = 2147483647;
			files = (
				B6135C0527B808F1000F36C6 /* Preview Assets.xcassets in Resources */,
				B6135C0227B808F1000F36C6 /* Assets.xcassets in Resources */,
			);
			runOnlyForDeploymentPostprocessing = 0;
		};
		B6135C0827B808F2000F36C6 /* Resources */ = {
			isa = PBXResourcesBuildPhase;
			buildActionMask = 2147483647;
			files = (
			);
			runOnlyForDeploymentPostprocessing = 0;
		};
/* End PBXResourcesBuildPhase section */

/* Begin PBXSourcesBuildPhase section */
		B6135BF627B808F0000F36C6 /* Sources */ = {
			isa = PBXSourcesBuildPhase;
			buildActionMask = 2147483647;
			files = (
				B6135C2A27B80A0F000F36C6 /* PulsingActivityIndicator.swift in Sources */,
				B6135C0027B808F0000F36C6 /* MainView.swift in Sources */,
				B6135BFE27B808F0000F36C6 /* SwiftUIExplorationApp.swift in Sources */,
				B6135C3927B83ECE000F36C6 /* Triangle.swift in Sources */,
				B6135C2E27B810D3000F36C6 /* PulsingActivityIndicatorExampleView.swift in Sources */,
				B6135C3127B8113D000F36C6 /* MenuItemViewLink.swift in Sources */,
			);
			runOnlyForDeploymentPostprocessing = 0;
		};
		B6135C0627B808F2000F36C6 /* Sources */ = {
			isa = PBXSourcesBuildPhase;
			buildActionMask = 2147483647;
			files = (
				B6135C0F27B808F2000F36C6 /* SwiftUIExplorationTests.swift in Sources */,
			);
			runOnlyForDeploymentPostprocessing = 0;
		};
/* End PBXSourcesBuildPhase section */

/* Begin PBXTargetDependency section */
		B6135C0C27B808F2000F36C6 /* PBXTargetDependency */ = {
			isa = PBXTargetDependency;
			target = B6135BF927B808F0000F36C6 /* SwiftUIExploration */;
			targetProxy = B6135C0B27B808F2000F36C6 /* PBXContainerItemProxy */;
		};
/* End PBXTargetDependency section */

/* Begin XCBuildConfiguration section */
		B6135C1C27B808F2000F36C6 /* Debug */ = {
			isa = XCBuildConfiguration;
			buildSettings = {
				ALWAYS_SEARCH_USER_PATHS = NO;
				CLANG_ANALYZER_NONNULL = YES;
				CLANG_ANALYZER_NUMBER_OBJECT_CONVERSION = YES_AGGRESSIVE;
				CLANG_CXX_LANGUAGE_STANDARD = "gnu++17";
				CLANG_CXX_LIBRARY = "libc++";
				CLANG_ENABLE_MODULES = YES;
				CLANG_ENABLE_OBJC_ARC = YES;
				CLANG_ENABLE_OBJC_WEAK = YES;
				CLANG_WARN_BLOCK_CAPTURE_AUTORELEASING = YES;
				CLANG_WARN_BOOL_CONVERSION = YES;
				CLANG_WARN_COMMA = YES;
				CLANG_WARN_CONSTANT_CONVERSION = YES;
				CLANG_WARN_DEPRECATED_OBJC_IMPLEMENTATIONS = YES;
				CLANG_WARN_DIRECT_OBJC_ISA_USAGE = YES_ERROR;
				CLANG_WARN_DOCUMENTATION_COMMENTS = YES;
				CLANG_WARN_EMPTY_BODY = YES;
				CLANG_WARN_ENUM_CONVERSION = YES;
				CLANG_WARN_INFINITE_RECURSION = YES;
				CLANG_WARN_INT_CONVERSION = YES;
				CLANG_WARN_NON_LITERAL_NULL_CONVERSION = YES;
				CLANG_WARN_OBJC_IMPLICIT_RETAIN_SELF = YES;
				CLANG_WARN_OBJC_LITERAL_CONVERSION = YES;
				CLANG_WARN_OBJC_ROOT_CLASS = YES_ERROR;
				CLANG_WARN_QUOTED_INCLUDE_IN_FRAMEWORK_HEADER = YES;
				CLANG_WARN_RANGE_LOOP_ANALYSIS = YES;
				CLANG_WARN_STRICT_PROTOTYPES = YES;
				CLANG_WARN_SUSPICIOUS_MOVE = YES;
				CLANG_WARN_UNGUARDED_AVAILABILITY = YES_AGGRESSIVE;
				CLANG_WARN_UNREACHABLE_CODE = YES;
				CLANG_WARN__DUPLICATE_METHOD_MATCH = YES;
				COPY_PHASE_STRIP = NO;
				DEBUG_INFORMATION_FORMAT = dwarf;
				ENABLE_STRICT_OBJC_MSGSEND = YES;
				ENABLE_TESTABILITY = YES;
				GCC_C_LANGUAGE_STANDARD = gnu11;
				GCC_DYNAMIC_NO_PIC = NO;
				GCC_NO_COMMON_BLOCKS = YES;
				GCC_OPTIMIZATION_LEVEL = 0;
				GCC_PREPROCESSOR_DEFINITIONS = (
					"DEBUG=1",
					"$(inherited)",
				);
				GCC_WARN_64_TO_32_BIT_CONVERSION = YES;
				GCC_WARN_ABOUT_RETURN_TYPE = YES_ERROR;
				GCC_WARN_UNDECLARED_SELECTOR = YES;
				GCC_WARN_UNINITIALIZED_AUTOS = YES_AGGRESSIVE;
				GCC_WARN_UNUSED_FUNCTION = YES;
				GCC_WARN_UNUSED_VARIABLE = YES;
				IPHONEOS_DEPLOYMENT_TARGET = 15.2;
				MTL_ENABLE_DEBUG_INFO = INCLUDE_SOURCE;
				MTL_FAST_MATH = YES;
				ONLY_ACTIVE_ARCH = YES;
				SDKROOT = iphoneos;
				SWIFT_ACTIVE_COMPILATION_CONDITIONS = DEBUG;
				SWIFT_OPTIMIZATION_LEVEL = "-Onone";
			};
			name = Debug;
		};
		B6135C1D27B808F2000F36C6 /* Release */ = {
			isa = XCBuildConfiguration;
			buildSettings = {
				ALWAYS_SEARCH_USER_PATHS = NO;
				CLANG_ANALYZER_NONNULL = YES;
				CLANG_ANALYZER_NUMBER_OBJECT_CONVERSION = YES_AGGRESSIVE;
				CLANG_CXX_LANGUAGE_STANDARD = "gnu++17";
				CLANG_CXX_LIBRARY = "libc++";
				CLANG_ENABLE_MODULES = YES;
				CLANG_ENABLE_OBJC_ARC = YES;
				CLANG_ENABLE_OBJC_WEAK = YES;
				CLANG_WARN_BLOCK_CAPTURE_AUTORELEASING = YES;
				CLANG_WARN_BOOL_CONVERSION = YES;
				CLANG_WARN_COMMA = YES;
				CLANG_WARN_CONSTANT_CONVERSION = YES;
				CLANG_WARN_DEPRECATED_OBJC_IMPLEMENTATIONS = YES;
				CLANG_WARN_DIRECT_OBJC_ISA_USAGE = YES_ERROR;
				CLANG_WARN_DOCUMENTATION_COMMENTS = YES;
				CLANG_WARN_EMPTY_BODY = YES;
				CLANG_WARN_ENUM_CONVERSION = YES;
				CLANG_WARN_INFINITE_RECURSION = YES;
				CLANG_WARN_INT_CONVERSION = YES;
				CLANG_WARN_NON_LITERAL_NULL_CONVERSION = YES;
				CLANG_WARN_OBJC_IMPLICIT_RETAIN_SELF = YES;
				CLANG_WARN_OBJC_LITERAL_CONVERSION = YES;
				CLANG_WARN_OBJC_ROOT_CLASS = YES_ERROR;
				CLANG_WARN_QUOTED_INCLUDE_IN_FRAMEWORK_HEADER = YES;
				CLANG_WARN_RANGE_LOOP_ANALYSIS = YES;
				CLANG_WARN_STRICT_PROTOTYPES = YES;
				CLANG_WARN_SUSPICIOUS_MOVE = YES;
				CLANG_WARN_UNGUARDED_AVAILABILITY = YES_AGGRESSIVE;
				CLANG_WARN_UNREACHABLE_CODE = YES;
				CLANG_WARN__DUPLICATE_METHOD_MATCH = YES;
				COPY_PHASE_STRIP = NO;
				DEBUG_INFORMATION_FORMAT = "dwarf-with-dsym";
				ENABLE_NS_ASSERTIONS = NO;
				ENABLE_STRICT_OBJC_MSGSEND = YES;
				GCC_C_LANGUAGE_STANDARD = gnu11;
				GCC_NO_COMMON_BLOCKS = YES;
				GCC_WARN_64_TO_32_BIT_CONVERSION = YES;
				GCC_WARN_ABOUT_RETURN_TYPE = YES_ERROR;
				GCC_WARN_UNDECLARED_SELECTOR = YES;
				GCC_WARN_UNINITIALIZED_AUTOS = YES_AGGRESSIVE;
				GCC_WARN_UNUSED_FUNCTION = YES;
				GCC_WARN_UNUSED_VARIABLE = YES;
				IPHONEOS_DEPLOYMENT_TARGET = 15.2;
				MTL_ENABLE_DEBUG_INFO = NO;
				MTL_FAST_MATH = YES;
				SDKROOT = iphoneos;
				SWIFT_COMPILATION_MODE = wholemodule;
				SWIFT_OPTIMIZATION_LEVEL = "-O";
				VALIDATE_PRODUCT = YES;
			};
			name = Release;
		};
		B6135C1F27B808F2000F36C6 /* Debug */ = {
			isa = XCBuildConfiguration;
			buildSettings = {
				ASSETCATALOG_COMPILER_APPICON_NAME = AppIcon;
				ASSETCATALOG_COMPILER_GLOBAL_ACCENT_COLOR_NAME = AccentColor;
				CODE_SIGN_STYLE = Automatic;
				CURRENT_PROJECT_VERSION = 1;
				DEVELOPMENT_ASSET_PATHS = "\"SwiftUIExploration/Preview Content\"";
				DEVELOPMENT_TEAM = 2S636NTM9W;
				ENABLE_PREVIEWS = YES;
				GENERATE_INFOPLIST_FILE = YES;
				INFOPLIST_KEY_UIApplicationSceneManifest_Generation = YES;
				INFOPLIST_KEY_UIApplicationSupportsIndirectInputEvents = YES;
				INFOPLIST_KEY_UILaunchScreen_Generation = YES;
				INFOPLIST_KEY_UISupportedInterfaceOrientations_iPad = "UIInterfaceOrientationPortrait UIInterfaceOrientationPortraitUpsideDown UIInterfaceOrientationLandscapeLeft UIInterfaceOrientationLandscapeRight";
				INFOPLIST_KEY_UISupportedInterfaceOrientations_iPhone = "UIInterfaceOrientationPortrait UIInterfaceOrientationLandscapeLeft UIInterfaceOrientationLandscapeRight";
				LD_RUNPATH_SEARCH_PATHS = (
					"$(inherited)",
					"@executable_path/Frameworks",
				);
				MARKETING_VERSION = 1.0;
				PRODUCT_BUNDLE_IDENTIFIER = com.dompepin.SwiftUIExploration;
				PRODUCT_NAME = "$(TARGET_NAME)";
				SWIFT_EMIT_LOC_STRINGS = YES;
				SWIFT_VERSION = 5.0;
				TARGETED_DEVICE_FAMILY = "1,2";
			};
			name = Debug;
		};
		B6135C2027B808F2000F36C6 /* Release */ = {
			isa = XCBuildConfiguration;
			buildSettings = {
				ASSETCATALOG_COMPILER_APPICON_NAME = AppIcon;
				ASSETCATALOG_COMPILER_GLOBAL_ACCENT_COLOR_NAME = AccentColor;
				CODE_SIGN_STYLE = Automatic;
				CURRENT_PROJECT_VERSION = 1;
				DEVELOPMENT_ASSET_PATHS = "\"SwiftUIExploration/Preview Content\"";
				DEVELOPMENT_TEAM = 2S636NTM9W;
				ENABLE_PREVIEWS = YES;
				GENERATE_INFOPLIST_FILE = YES;
				INFOPLIST_KEY_UIApplicationSceneManifest_Generation = YES;
				INFOPLIST_KEY_UIApplicationSupportsIndirectInputEvents = YES;
				INFOPLIST_KEY_UILaunchScreen_Generation = YES;
				INFOPLIST_KEY_UISupportedInterfaceOrientations_iPad = "UIInterfaceOrientationPortrait UIInterfaceOrientationPortraitUpsideDown UIInterfaceOrientationLandscapeLeft UIInterfaceOrientationLandscapeRight";
				INFOPLIST_KEY_UISupportedInterfaceOrientations_iPhone = "UIInterfaceOrientationPortrait UIInterfaceOrientationLandscapeLeft UIInterfaceOrientationLandscapeRight";
				LD_RUNPATH_SEARCH_PATHS = (
					"$(inherited)",
					"@executable_path/Frameworks",
				);
				MARKETING_VERSION = 1.0;
				PRODUCT_BUNDLE_IDENTIFIER = com.dompepin.SwiftUIExploration;
				PRODUCT_NAME = "$(TARGET_NAME)";
				SWIFT_EMIT_LOC_STRINGS = YES;
				SWIFT_VERSION = 5.0;
				TARGETED_DEVICE_FAMILY = "1,2";
			};
			name = Release;
		};
		B6135C2227B808F2000F36C6 /* Debug */ = {
			isa = XCBuildConfiguration;
			buildSettings = {
				ALWAYS_EMBED_SWIFT_STANDARD_LIBRARIES = YES;
				BUNDLE_LOADER = "$(TEST_HOST)";
				CODE_SIGN_STYLE = Automatic;
				CURRENT_PROJECT_VERSION = 1;
				DEVELOPMENT_TEAM = 2S636NTM9W;
				GENERATE_INFOPLIST_FILE = YES;
				IPHONEOS_DEPLOYMENT_TARGET = 15.2;
				MARKETING_VERSION = 1.0;
				PRODUCT_BUNDLE_IDENTIFIER = com.dompepin.SwiftUIExplorationTests;
				PRODUCT_NAME = "$(TARGET_NAME)";
				SWIFT_EMIT_LOC_STRINGS = NO;
				SWIFT_VERSION = 5.0;
				TARGETED_DEVICE_FAMILY = "1,2";
				TEST_HOST = "$(BUILT_PRODUCTS_DIR)/SwiftUIExploration.app/SwiftUIExploration";
			};
			name = Debug;
		};
		B6135C2327B808F2000F36C6 /* Release */ = {
			isa = XCBuildConfiguration;
			buildSettings = {
				ALWAYS_EMBED_SWIFT_STANDARD_LIBRARIES = YES;
				BUNDLE_LOADER = "$(TEST_HOST)";
				CODE_SIGN_STYLE = Automatic;
				CURRENT_PROJECT_VERSION = 1;
				DEVELOPMENT_TEAM = 2S636NTM9W;
				GENERATE_INFOPLIST_FILE = YES;
				IPHONEOS_DEPLOYMENT_TARGET = 15.2;
				MARKETING_VERSION = 1.0;
				PRODUCT_BUNDLE_IDENTIFIER = com.dompepin.SwiftUIExplorationTests;
				PRODUCT_NAME = "$(TARGET_NAME)";
				SWIFT_EMIT_LOC_STRINGS = NO;
				SWIFT_VERSION = 5.0;
				TARGETED_DEVICE_FAMILY = "1,2";
				TEST_HOST = "$(BUILT_PRODUCTS_DIR)/SwiftUIExploration.app/SwiftUIExploration";
			};
			name = Release;
		};
/* End XCBuildConfiguration section */

/* Begin XCConfigurationList section */
		B6135BF527B808F0000F36C6 /* Build configuration list for PBXProject "SwiftUIExploration" */ = {
			isa = XCConfigurationList;
			buildConfigurations = (
				B6135C1C27B808F2000F36C6 /* Debug */,
				B6135C1D27B808F2000F36C6 /* Release */,
			);
			defaultConfigurationIsVisible = 0;
			defaultConfigurationName = Release;
		};
		B6135C1E27B808F2000F36C6 /* Build configuration list for PBXNativeTarget "SwiftUIExploration" */ = {
			isa = XCConfigurationList;
			buildConfigurations = (
				B6135C1F27B808F2000F36C6 /* Debug */,
				B6135C2027B808F2000F36C6 /* Release */,
			);
			defaultConfigurationIsVisible = 0;
			defaultConfigurationName = Release;
		};
		B6135C2127B808F2000F36C6 /* Build configuration list for PBXNativeTarget "SwiftUIExplorationTests" */ = {
			isa = XCConfigurationList;
			buildConfigurations = (
				B6135C2227B808F2000F36C6 /* Debug */,
				B6135C2327B808F2000F36C6 /* Release */,
			);
			defaultConfigurationIsVisible = 0;
			defaultConfigurationName = Release;
		};
/* End XCConfigurationList section */
	};
	rootObject = B6135BF227B808F0000F36C6 /* Project object */;
}
